
Microsoft Visual Studio Solution File, Format Version 12.00
# Visual Studio 15
VisualStudioVersion = 15.0.27130.2026
MinimumVisualStudioVersion = 10.0.40219.1
Project("{8BC9CEB8-8B4A-11D0-8D11-00A0C91BC942}") = "JAQRandomNumGen", "JAQRandomNumGen.vcxproj", "{0CC276CF-8D4E-4774-A2E0-6223372CD14B}"
EndProject
Project("{8BC9CEB8-8B4A-11D0-8D11-00A0C91BC942}") = "UnitTests", "..\UnitTests\UnitTests.vcxproj", "{6D9F7971-E786-4BCC-B818-2132232C2324}"
EndProject
Global
	GlobalSection(SolutionConfigurationPlatforms) = preSolution
		Debug|x64 = Debug|x64
		Debug|x86 = Debug|x86
		Release|x64 = Release|x64
		Release|x86 = Release|x86
	EndGlobalSection
	GlobalSection(ProjectConfigurationPlatforms) = postSolution
		{0CC276CF-8D4E-4774-A2E0-6223372CD14B}.Debug|x64.ActiveCfg = Debug|x64
		{0CC276CF-8D4E-4774-A2E0-6223372CD14B}.Debug|x64.Build.0 = Debug|x64
		{0CC276CF-8D4E-4774-A2E0-6223372CD14B}.Debug|x86.ActiveCfg = Debug|Win32
		{0CC276CF-8D4E-4774-A2E0-6223372CD14B}.Debug|x86.Build.0 = Debug|Win32
		{0CC276CF-8D4E-4774-A2E0-6223372CD14B}.Release|x64.ActiveCfg = Release|x64
		{0CC276CF-8D4E-4774-A2E0-6223372CD14B}.Release|x64.Build.0 = Release|x64
		{0CC276CF-8D4E-4774-A2E0-6223372CD14B}.Release|x86.ActiveCfg = Release|Win32
		{0CC276CF-8D4E-4774-A2E0-6223372CD14B}.Release|x86.Build.0 = Release|Win32
		{6D9F7971-E786-4BCC-B818-2132232C2324}.Debug|x64.ActiveCfg = Debug|x64
		{6D9F7971-E786-4BCC-B818-2132232C2324}.Debug|x64.Build.0 = Debug|x64
		{6D9F7971-E786-4BCC-B818-2132232C2324}.Debug|x86.ActiveCfg = Debug|Win32
		{6D9F7971-E786-4BCC-B818-2132232C2324}.Debug|x86.Build.0 = Debug|Win32
		{6D9F7971-E786-4BCC-B818-2132232C2324}.Release|x64.ActiveCfg = Release|x64
		{6D9F7971-E786-4BCC-B818-2132232C2324}.Release|x64.Build.0 = Release|x64
		{6D9F7971-E786-4BCC-B818-2132232C2324}.Release|x86.ActiveCfg = Release|Win32
		{6D9F7971-E786-4BCC-B818-2132232C2324}.Release|x86.Build.0 = Release|Win32
	EndGlobalSection
	GlobalSection(SolutionProperties) = preSolution
		HideSolutionNode = FALSE
	EndGlobalSection
	GlobalSection(ExtensibilityGlobals) = postSolution
		SolutionGuid = {2986CD6D-99C0-47CF-ABBF-63A9635F45B6}
	EndGlobalSection
EndGlobal
